
Microsoft Visual Studio Solution File, Format Version 12.00
# Visual Studio 15
VisualStudioVersion = 15.0.28307.489
MinimumVisualStudioVersion = 10.0.40219.1
Project("{FAE04EC0-301F-11D3-BF4B-00C04F79EFBC}") = "WpfSalibandyTournament", "WpfSalibandyTournament\WpfSalibandyTournament.csproj", "{FD4E6AC7-2161-4CF7-B44A-964E0B416978}"
EndProject
Global
	GlobalSection(SolutionConfigurationPlatforms) = preSolution
		Debug|Any CPU = Debug|Any CPU
		Release|Any CPU = Release|Any CPU
	EndGlobalSection
	GlobalSection(ProjectConfigurationPlatforms) = postSolution
		{FD4E6AC7-2161-4CF7-B44A-964E0B416978}.Debug|Any CPU.ActiveCfg = Debug|Any CPU
		{FD4E6AC7-2161-4CF7-B44A-964E0B416978}.Debug|Any CPU.Build.0 = Debug|Any CPU
		{FD4E6AC7-2161-4CF7-B44A-964E0B416978}.Release|Any CPU.ActiveCfg = Release|Any CPU
		{FD4E6AC7-2161-4CF7-B44A-964E0B416978}.Release|Any CPU.Build.0 = Release|Any CPU
	EndGlobalSection
	GlobalSection(SolutionProperties) = preSolution
		HideSolutionNode = FALSE
	EndGlobalSection
	GlobalSection(ExtensibilityGlobals) = postSolution
		SolutionGuid = {56C76EC7-DA77-4A4E-9D09-A32749DCDFB8}
	EndGlobalSection
EndGlobal
